
Microsoft Visual Studio Solution File, Format Version 12.00
# Visual Studio 14
VisualStudioVersion = 14.0.25420.1
MinimumVisualStudioVersion = 10.0.40219.1
Project("{FAE04EC0-301F-11D3-BF4B-00C04F79EFBC}") = "PBEye.Droid", "PBEye\PBEye.Droid\PBEye.Droid.csproj", "{560FF745-A035-4ECF-B264-C847704BF54A}"
EndProject
Project("{FAE04EC0-301F-11D3-BF4B-00C04F79EFBC}") = "PBEye.iOS", "PBEye\PBEye.iOS\PBEye.iOS.csproj", "{B3A79DA2-2C2B-47DF-B84D-57D215874D24}"
EndProject
Project("{FAE04EC0-301F-11D3-BF4B-00C04F79EFBC}") = "PBEye", "PBEye\PBEye\PBEye.csproj", "{C1CD1E53-92A9-44A7-9311-1EDBA0BE353B}"
EndProject
Project("{FAE04EC0-301F-11D3-BF4B-00C04F79EFBC}") = "PBEye.Service", "PBEye.Service\PBEye.Service.csproj", "{5C3457CA-18AC-4C28-B2BE-384963B78A52}"
EndProject
Project("{FAE04EC0-301F-11D3-BF4B-00C04F79EFBC}") = "PBEye.CLI", "PBEye.CLI\PBEye.CLI.csproj", "{1B75CA88-8829-42E6-AB8B-C2C4DE28A104}"
EndProject
Global
	GlobalSection(SolutionConfigurationPlatforms) = preSolution
		Ad-Hoc|Any CPU = Ad-Hoc|Any CPU
		Ad-Hoc|ARM = Ad-Hoc|ARM
		Ad-Hoc|iPhone = Ad-Hoc|iPhone
		Ad-Hoc|iPhoneSimulator = Ad-Hoc|iPhoneSimulator
		Ad-Hoc|x64 = Ad-Hoc|x64
		Ad-Hoc|x86 = Ad-Hoc|x86
		AppStore|Any CPU = AppStore|Any CPU
		AppStore|ARM = AppStore|ARM
		AppStore|iPhone = AppStore|iPhone
		AppStore|iPhoneSimulator = AppStore|iPhoneSimulator
		AppStore|x64 = AppStore|x64
		AppStore|x86 = AppStore|x86
		Debug|Any CPU = Debug|Any CPU
		Debug|ARM = Debug|ARM
		Debug|iPhone = Debug|iPhone
		Debug|iPhoneSimulator = Debug|iPhoneSimulator
		Debug|x64 = Debug|x64
		Debug|x86 = Debug|x86
		Release|Any CPU = Release|Any CPU
		Release|ARM = Release|ARM
		Release|iPhone = Release|iPhone
		Release|iPhoneSimulator = Release|iPhoneSimulator
		Release|x64 = Release|x64
		Release|x86 = Release|x86
	EndGlobalSection
	GlobalSection(ProjectConfigurationPlatforms) = postSolution
		{560FF745-A035-4ECF-B264-C847704BF54A}.Ad-Hoc|Any CPU.ActiveCfg = Release|Any CPU
		{560FF745-A035-4ECF-B264-C847704BF54A}.Ad-Hoc|Any CPU.Build.0 = Release|Any CPU
		{560FF745-A035-4ECF-B264-C847704BF54A}.Ad-Hoc|Any CPU.Deploy.0 = Release|Any CPU
		{560FF745-A035-4ECF-B264-C847704BF54A}.Ad-Hoc|ARM.ActiveCfg = Debug|Any CPU
		{560FF745-A035-4ECF-B264-C847704BF54A}.Ad-Hoc|ARM.Build.0 = Debug|Any CPU
		{560FF745-A035-4ECF-B264-C847704BF54A}.Ad-Hoc|ARM.Deploy.0 = Debug|Any CPU
		{560FF745-A035-4ECF-B264-C847704BF54A}.Ad-Hoc|iPhone.ActiveCfg = Release|Any CPU
		{560FF745-A035-4ECF-B264-C847704BF54A}.Ad-Hoc|iPhone.Build.0 = Release|Any CPU
		{560FF745-A035-4ECF-B264-C847704BF54A}.Ad-Hoc|iPhone.Deploy.0 = Release|Any CPU
		{560FF745-A035-4ECF-B264-C847704BF54A}.Ad-Hoc|iPhoneSimulator.ActiveCfg = Release|Any CPU
		{560FF745-A035-4ECF-B264-C847704BF54A}.Ad-Hoc|iPhoneSimulator.Build.0 = Release|Any CPU
		{560FF745-A035-4ECF-B264-C847704BF54A}.Ad-Hoc|iPhoneSimulator.Deploy.0 = Release|Any CPU
		{560FF745-A035-4ECF-B264-C847704BF54A}.Ad-Hoc|x64.ActiveCfg = Debug|Any CPU
		{560FF745-A035-4ECF-B264-C847704BF54A}.Ad-Hoc|x64.Build.0 = Debug|Any CPU
		{560FF745-A035-4ECF-B264-C847704BF54A}.Ad-Hoc|x64.Deploy.0 = Debug|Any CPU
		{560FF745-A035-4ECF-B264-C847704BF54A}.Ad-Hoc|x86.ActiveCfg = Debug|Any CPU
		{560FF745-A035-4ECF-B264-C847704BF54A}.Ad-Hoc|x86.Build.0 = Debug|Any CPU
		{560FF745-A035-4ECF-B264-C847704BF54A}.Ad-Hoc|x86.Deploy.0 = Debug|Any CPU
		{560FF745-A035-4ECF-B264-C847704BF54A}.AppStore|Any CPU.ActiveCfg = Release|Any CPU
		{560FF745-A035-4ECF-B264-C847704BF54A}.AppStore|Any CPU.Build.0 = Release|Any CPU
		{560FF745-A035-4ECF-B264-C847704BF54A}.AppStore|Any CPU.Deploy.0 = Release|Any CPU
		{560FF745-A035-4ECF-B264-C847704BF54A}.AppStore|ARM.ActiveCfg = Debug|Any CPU
		{560FF745-A035-4ECF-B264-C847704BF54A}.AppStore|ARM.Build.0 = Debug|Any CPU
		{560FF745-A035-4ECF-B264-C847704BF54A}.AppStore|ARM.Deploy.0 = Debug|Any CPU
		{560FF745-A035-4ECF-B264-C847704BF54A}.AppStore|iPhone.ActiveCfg = Release|Any CPU
		{560FF745-A035-4ECF-B264-C847704BF54A}.AppStore|iPhone.Build.0 = Release|Any CPU
		{560FF745-A035-4ECF-B264-C847704BF54A}.AppStore|iPhone.Deploy.0 = Release|Any CPU
		{560FF745-A035-4ECF-B264-C847704BF54A}.AppStore|iPhoneSimulator.ActiveCfg = Release|Any CPU
		{560FF745-A035-4ECF-B264-C847704BF54A}.AppStore|iPhoneSimulator.Build.0 = Release|Any CPU
		{560FF745-A035-4ECF-B264-C847704BF54A}.AppStore|iPhoneSimulator.Deploy.0 = Release|Any CPU
		{560FF745-A035-4ECF-B264-C847704BF54A}.AppStore|x64.ActiveCfg = Debug|Any CPU
		{560FF745-A035-4ECF-B264-C847704BF54A}.AppStore|x64.Build.0 = Debug|Any CPU
		{560FF745-A035-4ECF-B264-C847704BF54A}.AppStore|x64.Deploy.0 = Debug|Any CPU
		{560FF745-A035-4ECF-B264-C847704BF54A}.AppStore|x86.ActiveCfg = Debug|Any CPU
		{560FF745-A035-4ECF-B264-C847704BF54A}.AppStore|x86.Build.0 = Debug|Any CPU
		{560FF745-A035-4ECF-B264-C847704BF54A}.AppStore|x86.Deploy.0 = Debug|Any CPU
		{560FF745-A035-4ECF-B264-C847704BF54A}.Debug|Any CPU.ActiveCfg = Debug|Any CPU
		{560FF745-A035-4ECF-B264-C847704BF54A}.Debug|Any CPU.Build.0 = Debug|Any CPU
		{560FF745-A035-4ECF-B264-C847704BF54A}.Debug|Any CPU.Deploy.0 = Debug|Any CPU
		{560FF745-A035-4ECF-B264-C847704BF54A}.Debug|ARM.ActiveCfg = Debug|Any CPU
		{560FF745-A035-4ECF-B264-C847704BF54A}.Debug|ARM.Build.0 = Debug|Any CPU
		{560FF745-A035-4ECF-B264-C847704BF54A}.Debug|ARM.Deploy.0 = Debug|Any CPU
		{560FF745-A035-4ECF-B264-C847704BF54A}.Debug|iPhone.ActiveCfg = Debug|Any CPU
		{560FF745-A035-4ECF-B264-C847704BF54A}.Debug|iPhone.Build.0 = Debug|Any CPU
		{560FF745-A035-4ECF-B264-C847704BF54A}.Debug|iPhone.Deploy.0 = Debug|Any CPU
		{560FF745-A035-4ECF-B264-C847704BF54A}.Debug|iPhoneSimulator.ActiveCfg = Debug|Any CPU
		{560FF745-A035-4ECF-B264-C847704BF54A}.Debug|iPhoneSimulator.Build.0 = Debug|Any CPU
		{560FF745-A035-4ECF-B264-C847704BF54A}.Debug|iPhoneSimulator.Deploy.0 = Debug|Any CPU
		{560FF745-A035-4ECF-B264-C847704BF54A}.Debug|x64.ActiveCfg = Debug|Any CPU
		{560FF745-A035-4ECF-B264-C847704BF54A}.Debug|x64.Build.0 = Debug|Any CPU
		{560FF745-A035-4ECF-B264-C847704BF54A}.Debug|x64.Deploy.0 = Debug|Any CPU
		{560FF745-A035-4ECF-B264-C847704BF54A}.Debug|x86.ActiveCfg = Debug|Any CPU
		{560FF745-A035-4ECF-B264-C847704BF54A}.Debug|x86.Build.0 = Debug|Any CPU
		{560FF745-A035-4ECF-B264-C847704BF54A}.Debug|x86.Deploy.0 = Debug|Any CPU
		{560FF745-A035-4ECF-B264-C847704BF54A}.Release|Any CPU.ActiveCfg = Release|Any CPU
		{560FF745-A035-4ECF-B264-C847704BF54A}.Release|Any CPU.Build.0 = Release|Any CPU
		{560FF745-A035-4ECF-B264-C847704BF54A}.Release|Any CPU.Deploy.0 = Release|Any CPU
		{560FF745-A035-4ECF-B264-C847704BF54A}.Release|ARM.ActiveCfg = Release|Any CPU
		{560FF745-A035-4ECF-B264-C847704BF54A}.Release|ARM.Build.0 = Release|Any CPU
		{560FF745-A035-4ECF-B264-C847704BF54A}.Release|ARM.Deploy.0 = Release|Any CPU
		{560FF745-A035-4ECF-B264-C847704BF54A}.Release|iPhone.ActiveCfg = Release|Any CPU
		{560FF745-A035-4ECF-B264-C847704BF54A}.Release|iPhone.Build.0 = Release|Any CPU
		{560FF745-A035-4ECF-B264-C847704BF54A}.Release|iPhone.Deploy.0 = Release|Any CPU
		{560FF745-A035-4ECF-B264-C847704BF54A}.Release|iPhoneSimulator.ActiveCfg = Release|Any CPU
		{560FF745-A035-4ECF-B264-C847704BF54A}.Release|iPhoneSimulator.Build.0 = Release|Any CPU
		{560FF745-A035-4ECF-B264-C847704BF54A}.Release|iPhoneSimulator.Deploy.0 = Release|Any CPU
		{560FF745-A035-4ECF-B264-C847704BF54A}.Release|x64.ActiveCfg = Release|Any CPU
		{560FF745-A035-4ECF-B264-C847704BF54A}.Release|x64.Build.0 = Release|Any CPU
		{560FF745-A035-4ECF-B264-C847704BF54A}.Release|x64.Deploy.0 = Release|Any CPU
		{560FF745-A035-4ECF-B264-C847704BF54A}.Release|x86.ActiveCfg = Release|Any CPU
		{560FF745-A035-4ECF-B264-C847704BF54A}.Release|x86.Build.0 = Release|Any CPU
		{560FF745-A035-4ECF-B264-C847704BF54A}.Release|x86.Deploy.0 = Release|Any CPU
		{B3A79DA2-2C2B-47DF-B84D-57D215874D24}.Ad-Hoc|Any CPU.ActiveCfg = Ad-Hoc|iPhone
		{B3A79DA2-2C2B-47DF-B84D-57D215874D24}.Ad-Hoc|ARM.ActiveCfg = Ad-Hoc|iPhoneSimulator
		{B3A79DA2-2C2B-47DF-B84D-57D215874D24}.Ad-Hoc|iPhone.ActiveCfg = Ad-Hoc|iPhone
		{B3A79DA2-2C2B-47DF-B84D-57D215874D24}.Ad-Hoc|iPhone.Build.0 = Ad-Hoc|iPhone
		{B3A79DA2-2C2B-47DF-B84D-57D215874D24}.Ad-Hoc|iPhoneSimulator.ActiveCfg = Ad-Hoc|iPhoneSimulator
		{B3A79DA2-2C2B-47DF-B84D-57D215874D24}.Ad-Hoc|iPhoneSimulator.Build.0 = Ad-Hoc|iPhoneSimulator
		{B3A79DA2-2C2B-47DF-B84D-57D215874D24}.Ad-Hoc|x64.ActiveCfg = Ad-Hoc|iPhoneSimulator
		{B3A79DA2-2C2B-47DF-B84D-57D215874D24}.Ad-Hoc|x86.ActiveCfg = Ad-Hoc|iPhoneSimulator
		{B3A79DA2-2C2B-47DF-B84D-57D215874D24}.AppStore|Any CPU.ActiveCfg = AppStore|iPhone
		{B3A79DA2-2C2B-47DF-B84D-57D215874D24}.AppStore|ARM.ActiveCfg = AppStore|iPhoneSimulator
		{B3A79DA2-2C2B-47DF-B84D-57D215874D24}.AppStore|iPhone.ActiveCfg = AppStore|iPhone
		{B3A79DA2-2C2B-47DF-B84D-57D215874D24}.AppStore|iPhone.Build.0 = AppStore|iPhone
		{B3A79DA2-2C2B-47DF-B84D-57D215874D24}.AppStore|iPhoneSimulator.ActiveCfg = AppStore|iPhoneSimulator
		{B3A79DA2-2C2B-47DF-B84D-57D215874D24}.AppStore|iPhoneSimulator.Build.0 = AppStore|iPhoneSimulator
		{B3A79DA2-2C2B-47DF-B84D-57D215874D24}.AppStore|x64.ActiveCfg = AppStore|iPhoneSimulator
		{B3A79DA2-2C2B-47DF-B84D-57D215874D24}.AppStore|x86.ActiveCfg = AppStore|iPhoneSimulator
		{B3A79DA2-2C2B-47DF-B84D-57D215874D24}.Debug|Any CPU.ActiveCfg = Debug|iPhone
		{B3A79DA2-2C2B-47DF-B84D-57D215874D24}.Debug|ARM.ActiveCfg = Debug|iPhoneSimulator
		{B3A79DA2-2C2B-47DF-B84D-57D215874D24}.Debug|iPhone.ActiveCfg = Debug|iPhone
		{B3A79DA2-2C2B-47DF-B84D-57D215874D24}.Debug|iPhone.Build.0 = Debug|iPhone
		{B3A79DA2-2C2B-47DF-B84D-57D215874D24}.Debug|iPhoneSimulator.ActiveCfg = Debug|iPhoneSimulator
		{B3A79DA2-2C2B-47DF-B84D-57D215874D24}.Debug|iPhoneSimulator.Build.0 = Debug|iPhoneSimulator
		{B3A79DA2-2C2B-47DF-B84D-57D215874D24}.Debug|x64.ActiveCfg = Debug|iPhoneSimulator
		{B3A79DA2-2C2B-47DF-B84D-57D215874D24}.Debug|x86.ActiveCfg = Debug|iPhoneSimulator
		{B3A79DA2-2C2B-47DF-B84D-57D215874D24}.Release|Any CPU.ActiveCfg = Release|iPhone
		{B3A79DA2-2C2B-47DF-B84D-57D215874D24}.Release|ARM.ActiveCfg = Release|iPhoneSimulator
		{B3A79DA2-2C2B-47DF-B84D-57D215874D24}.Release|iPhone.ActiveCfg = Release|iPhone
		{B3A79DA2-2C2B-47DF-B84D-57D215874D24}.Release|iPhone.Build.0 = Release|iPhone
		{B3A79DA2-2C2B-47DF-B84D-57D215874D24}.Release|iPhoneSimulator.ActiveCfg = Release|iPhoneSimulator
		{B3A79DA2-2C2B-47DF-B84D-57D215874D24}.Release|iPhoneSimulator.Build.0 = Release|iPhoneSimulator
		{B3A79DA2-2C2B-47DF-B84D-57D215874D24}.Release|x64.ActiveCfg = Release|iPhoneSimulator
		{B3A79DA2-2C2B-47DF-B84D-57D215874D24}.Release|x86.ActiveCfg = Release|iPhoneSimulator
		{C1CD1E53-92A9-44A7-9311-1EDBA0BE353B}.Ad-Hoc|Any CPU.ActiveCfg = Release|Any CPU
		{C1CD1E53-92A9-44A7-9311-1EDBA0BE353B}.Ad-Hoc|Any CPU.Build.0 = Release|Any CPU
		{C1CD1E53-92A9-44A7-9311-1EDBA0BE353B}.Ad-Hoc|ARM.ActiveCfg = Debug|Any CPU
		{C1CD1E53-92A9-44A7-9311-1EDBA0BE353B}.Ad-Hoc|ARM.Build.0 = Debug|Any CPU
		{C1CD1E53-92A9-44A7-9311-1EDBA0BE353B}.Ad-Hoc|iPhone.ActiveCfg = Release|Any CPU
		{C1CD1E53-92A9-44A7-9311-1EDBA0BE353B}.Ad-Hoc|iPhone.Build.0 = Release|Any CPU
		{C1CD1E53-92A9-44A7-9311-1EDBA0BE353B}.Ad-Hoc|iPhoneSimulator.ActiveCfg = Release|Any CPU
		{C1CD1E53-92A9-44A7-9311-1EDBA0BE353B}.Ad-Hoc|iPhoneSimulator.Build.0 = Release|Any CPU
		{C1CD1E53-92A9-44A7-9311-1EDBA0BE353B}.Ad-Hoc|x64.ActiveCfg = Debug|Any CPU
		{C1CD1E53-92A9-44A7-9311-1EDBA0BE353B}.Ad-Hoc|x64.Build.0 = Debug|Any CPU
		{C1CD1E53-92A9-44A7-9311-1EDBA0BE353B}.Ad-Hoc|x86.ActiveCfg = Debug|Any CPU
		{C1CD1E53-92A9-44A7-9311-1EDBA0BE353B}.Ad-Hoc|x86.Build.0 = Debug|Any CPU
		{C1CD1E53-92A9-44A7-9311-1EDBA0BE353B}.AppStore|Any CPU.ActiveCfg = Release|Any CPU
		{C1CD1E53-92A9-44A7-9311-1EDBA0BE353B}.AppStore|Any CPU.Build.0 = Release|Any CPU
		{C1CD1E53-92A9-44A7-9311-1EDBA0BE353B}.AppStore|ARM.ActiveCfg = Debug|Any CPU
		{C1CD1E53-92A9-44A7-9311-1EDBA0BE353B}.AppStore|ARM.Build.0 = Debug|Any CPU
		{C1CD1E53-92A9-44A7-9311-1EDBA0BE353B}.AppStore|iPhone.ActiveCfg = Release|Any CPU
		{C1CD1E53-92A9-44A7-9311-1EDBA0BE353B}.AppStore|iPhone.Build.0 = Release|Any CPU
		{C1CD1E53-92A9-44A7-9311-1EDBA0BE353B}.AppStore|iPhoneSimulator.ActiveCfg = Release|Any CPU
		{C1CD1E53-92A9-44A7-9311-1EDBA0BE353B}.AppStore|iPhoneSimulator.Build.0 = Release|Any CPU
		{C1CD1E53-92A9-44A7-9311-1EDBA0BE353B}.AppStore|x64.ActiveCfg = Debug|Any CPU
		{C1CD1E53-92A9-44A7-9311-1EDBA0BE353B}.AppStore|x64.Build.0 = Debug|Any CPU
		{C1CD1E53-92A9-44A7-9311-1EDBA0BE353B}.AppStore|x86.ActiveCfg = Debug|Any CPU
		{C1CD1E53-92A9-44A7-9311-1EDBA0BE353B}.AppStore|x86.Build.0 = Debug|Any CPU
		{C1CD1E53-92A9-44A7-9311-1EDBA0BE353B}.Debug|Any CPU.ActiveCfg = Debug|Any CPU
		{C1CD1E53-92A9-44A7-9311-1EDBA0BE353B}.Debug|Any CPU.Build.0 = Debug|Any CPU
		{C1CD1E53-92A9-44A7-9311-1EDBA0BE353B}.Debug|ARM.ActiveCfg = Debug|Any CPU
		{C1CD1E53-92A9-44A7-9311-1EDBA0BE353B}.Debug|ARM.Build.0 = Debug|Any CPU
		{C1CD1E53-92A9-44A7-9311-1EDBA0BE353B}.Debug|iPhone.ActiveCfg = Debug|Any CPU
		{C1CD1E53-92A9-44A7-9311-1EDBA0BE353B}.Debug|iPhone.Build.0 = Debug|Any CPU
		{C1CD1E53-92A9-44A7-9311-1EDBA0BE353B}.Debug|iPhoneSimulator.ActiveCfg = Debug|Any CPU
		{C1CD1E53-92A9-44A7-9311-1EDBA0BE353B}.Debug|iPhoneSimulator.Build.0 = Debug|Any CPU
		{C1CD1E53-92A9-44A7-9311-1EDBA0BE353B}.Debug|x64.ActiveCfg = Debug|Any CPU
		{C1CD1E53-92A9-44A7-9311-1EDBA0BE353B}.Debug|x64.Build.0 = Debug|Any CPU
		{C1CD1E53-92A9-44A7-9311-1EDBA0BE353B}.Debug|x86.ActiveCfg = Debug|Any CPU
		{C1CD1E53-92A9-44A7-9311-1EDBA0BE353B}.Debug|x86.Build.0 = Debug|Any CPU
		{C1CD1E53-92A9-44A7-9311-1EDBA0BE353B}.Release|Any CPU.ActiveCfg = Release|Any CPU
		{C1CD1E53-92A9-44A7-9311-1EDBA0BE353B}.Release|Any CPU.Build.0 = Release|Any CPU
		{C1CD1E53-92A9-44A7-9311-1EDBA0BE353B}.Release|ARM.ActiveCfg = Release|Any CPU
		{C1CD1E53-92A9-44A7-9311-1EDBA0BE353B}.Release|ARM.Build.0 = Release|Any CPU
		{C1CD1E53-92A9-44A7-9311-1EDBA0BE353B}.Release|iPhone.ActiveCfg = Release|Any CPU
		{C1CD1E53-92A9-44A7-9311-1EDBA0BE353B}.Release|iPhone.Build.0 = Release|Any CPU
		{C1CD1E53-92A9-44A7-9311-1EDBA0BE353B}.Release|iPhoneSimulator.ActiveCfg = Release|Any CPU
		{C1CD1E53-92A9-44A7-9311-1EDBA0BE353B}.Release|iPhoneSimulator.Build.0 = Release|Any CPU
		{C1CD1E53-92A9-44A7-9311-1EDBA0BE353B}.Release|x64.ActiveCfg = Release|Any CPU
		{C1CD1E53-92A9-44A7-9311-1EDBA0BE353B}.Release|x64.Build.0 = Release|Any CPU
		{C1CD1E53-92A9-44A7-9311-1EDBA0BE353B}.Release|x86.ActiveCfg = Release|Any CPU
		{C1CD1E53-92A9-44A7-9311-1EDBA0BE353B}.Release|x86.Build.0 = Release|Any CPU
		{5C3457CA-18AC-4C28-B2BE-384963B78A52}.Ad-Hoc|Any CPU.ActiveCfg = Release|Any CPU
		{5C3457CA-18AC-4C28-B2BE-384963B78A52}.Ad-Hoc|Any CPU.Build.0 = Release|Any CPU
		{5C3457CA-18AC-4C28-B2BE-384963B78A52}.Ad-Hoc|ARM.ActiveCfg = Release|Any CPU
		{5C3457CA-18AC-4C28-B2BE-384963B78A52}.Ad-Hoc|ARM.Build.0 = Release|Any CPU
		{5C3457CA-18AC-4C28-B2BE-384963B78A52}.Ad-Hoc|iPhone.ActiveCfg = Release|Any CPU
		{5C3457CA-18AC-4C28-B2BE-384963B78A52}.Ad-Hoc|iPhone.Build.0 = Release|Any CPU
		{5C3457CA-18AC-4C28-B2BE-384963B78A52}.Ad-Hoc|iPhoneSimulator.ActiveCfg = Release|Any CPU
		{5C3457CA-18AC-4C28-B2BE-384963B78A52}.Ad-Hoc|iPhoneSimulator.Build.0 = Release|Any CPU
		{5C3457CA-18AC-4C28-B2BE-384963B78A52}.Ad-Hoc|x64.ActiveCfg = Release|Any CPU
		{5C3457CA-18AC-4C28-B2BE-384963B78A52}.Ad-Hoc|x64.Build.0 = Release|Any CPU
		{5C3457CA-18AC-4C28-B2BE-384963B78A52}.Ad-Hoc|x86.ActiveCfg = Release|Any CPU
		{5C3457CA-18AC-4C28-B2BE-384963B78A52}.Ad-Hoc|x86.Build.0 = Release|Any CPU
		{5C3457CA-18AC-4C28-B2BE-384963B78A52}.AppStore|Any CPU.ActiveCfg = Release|Any CPU
		{5C3457CA-18AC-4C28-B2BE-384963B78A52}.AppStore|Any CPU.Build.0 = Release|Any CPU
		{5C3457CA-18AC-4C28-B2BE-384963B78A52}.AppStore|ARM.ActiveCfg = Release|Any CPU
		{5C3457CA-18AC-4C28-B2BE-384963B78A52}.AppStore|ARM.Build.0 = Release|Any CPU
		{5C3457CA-18AC-4C28-B2BE-384963B78A52}.AppStore|iPhone.ActiveCfg = Release|Any CPU
		{5C3457CA-18AC-4C28-B2BE-384963B78A52}.AppStore|iPhone.Build.0 = Release|Any CPU
		{5C3457CA-18AC-4C28-B2BE-384963B78A52}.AppStore|iPhoneSimulator.ActiveCfg = Release|Any CPU
		{5C3457CA-18AC-4C28-B2BE-384963B78A52}.AppStore|iPhoneSimulator.Build.0 = Release|Any CPU
		{5C3457CA-18AC-4C28-B2BE-384963B78A52}.AppStore|x64.ActiveCfg = Release|Any CPU
		{5C3457CA-18AC-4C28-B2BE-384963B78A52}.AppStore|x64.Build.0 = Release|Any CPU
		{5C3457CA-18AC-4C28-B2BE-384963B78A52}.AppStore|x86.ActiveCfg = Release|Any CPU
		{5C3457CA-18AC-4C28-B2BE-384963B78A52}.AppStore|x86.Build.0 = Release|Any CPU
		{5C3457CA-18AC-4C28-B2BE-384963B78A52}.Debug|Any CPU.ActiveCfg = Debug|Any CPU
		{5C3457CA-18AC-4C28-B2BE-384963B78A52}.Debug|Any CPU.Build.0 = Debug|Any CPU
		{5C3457CA-18AC-4C28-B2BE-384963B78A52}.Debug|ARM.ActiveCfg = Debug|Any CPU
		{5C3457CA-18AC-4C28-B2BE-384963B78A52}.Debug|ARM.Build.0 = Debug|Any CPU
		{5C3457CA-18AC-4C28-B2BE-384963B78A52}.Debug|iPhone.ActiveCfg = Debug|Any CPU
		{5C3457CA-18AC-4C28-B2BE-384963B78A52}.Debug|iPhone.Build.0 = Debug|Any CPU
		{5C3457CA-18AC-4C28-B2BE-384963B78A52}.Debug|iPhoneSimulator.ActiveCfg = Debug|Any CPU
		{5C3457CA-18AC-4C28-B2BE-384963B78A52}.Debug|iPhoneSimulator.Build.0 = Debug|Any CPU
		{5C3457CA-18AC-4C28-B2BE-384963B78A52}.Debug|x64.ActiveCfg = Debug|Any CPU
		{5C3457CA-18AC-4C28-B2BE-384963B78A52}.Debug|x64.Build.0 = Debug|Any CPU
		{5C3457CA-18AC-4C28-B2BE-384963B78A52}.Debug|x86.ActiveCfg = Debug|Any CPU
		{5C3457CA-18AC-4C28-B2BE-384963B78A52}.Debug|x86.Build.0 = Debug|Any CPU
		{5C3457CA-18AC-4C28-B2BE-384963B78A52}.Release|Any CPU.ActiveCfg = Release|Any CPU
		{5C3457CA-18AC-4C28-B2BE-384963B78A52}.Release|Any CPU.Build.0 = Release|Any CPU
		{5C3457CA-18AC-4C28-B2BE-384963B78A52}.Release|ARM.ActiveCfg = Release|Any CPU
		{5C3457CA-18AC-4C28-B2BE-384963B78A52}.Release|ARM.Build.0 = Release|Any CPU
		{5C3457CA-18AC-4C28-B2BE-384963B78A52}.Release|iPhone.ActiveCfg = Release|Any CPU
		{5C3457CA-18AC-4C28-B2BE-384963B78A52}.Release|iPhone.Build.0 = Release|Any CPU
		{5C3457CA-18AC-4C28-B2BE-384963B78A52}.Release|iPhoneSimulator.ActiveCfg = Release|Any CPU
		{5C3457CA-18AC-4C28-B2BE-384963B78A52}.Release|iPhoneSimulator.Build.0 = Release|Any CPU
		{5C3457CA-18AC-4C28-B2BE-384963B78A52}.Release|x64.ActiveCfg = Release|Any CPU
		{5C3457CA-18AC-4C28-B2BE-384963B78A52}.Release|x64.Build.0 = Release|Any CPU
		{5C3457CA-18AC-4C28-B2BE-384963B78A52}.Release|x86.ActiveCfg = Release|Any CPU
		{5C3457CA-18AC-4C28-B2BE-384963B78A52}.Release|x86.Build.0 = Release|Any CPU
		{1B75CA88-8829-42E6-AB8B-C2C4DE28A104}.Ad-Hoc|Any CPU.ActiveCfg = Release|Any CPU
		{1B75CA88-8829-42E6-AB8B-C2C4DE28A104}.Ad-Hoc|Any CPU.Build.0 = Release|Any CPU
		{1B75CA88-8829-42E6-AB8B-C2C4DE28A104}.Ad-Hoc|ARM.ActiveCfg = Release|Any CPU
		{1B75CA88-8829-42E6-AB8B-C2C4DE28A104}.Ad-Hoc|ARM.Build.0 = Release|Any CPU
		{1B75CA88-8829-42E6-AB8B-C2C4DE28A104}.Ad-Hoc|iPhone.ActiveCfg = Release|Any CPU
		{1B75CA88-8829-42E6-AB8B-C2C4DE28A104}.Ad-Hoc|iPhone.Build.0 = Release|Any CPU
		{1B75CA88-8829-42E6-AB8B-C2C4DE28A104}.Ad-Hoc|iPhoneSimulator.ActiveCfg = Release|Any CPU
		{1B75CA88-8829-42E6-AB8B-C2C4DE28A104}.Ad-Hoc|iPhoneSimulator.Build.0 = Release|Any CPU
		{1B75CA88-8829-42E6-AB8B-C2C4DE28A104}.Ad-Hoc|x64.ActiveCfg = Release|Any CPU
		{1B75CA88-8829-42E6-AB8B-C2C4DE28A104}.Ad-Hoc|x64.Build.0 = Release|Any CPU
		{1B75CA88-8829-42E6-AB8B-C2C4DE28A104}.Ad-Hoc|x86.ActiveCfg = Release|Any CPU
		{1B75CA88-8829-42E6-AB8B-C2C4DE28A104}.Ad-Hoc|x86.Build.0 = Release|Any CPU
		{1B75CA88-8829-42E6-AB8B-C2C4DE28A104}.AppStore|Any CPU.ActiveCfg = Release|Any CPU
		{1B75CA88-8829-42E6-AB8B-C2C4DE28A104}.AppStore|Any CPU.Build.0 = Release|Any CPU
		{1B75CA88-8829-42E6-AB8B-C2C4DE28A104}.AppStore|ARM.ActiveCfg = Release|Any CPU
		{1B75CA88-8829-42E6-AB8B-C2C4DE28A104}.AppStore|ARM.Build.0 = Release|Any CPU
		{1B75CA88-8829-42E6-AB8B-C2C4DE28A104}.AppStore|iPhone.ActiveCfg = Release|Any CPU
		{1B75CA88-8829-42E6-AB8B-C2C4DE28A104}.AppStore|iPhone.Build.0 = Release|Any CPU
		{1B75CA88-8829-42E6-AB8B-C2C4DE28A104}.AppStore|iPhoneSimulator.ActiveCfg = Release|Any CPU
		{1B75CA88-8829-42E6-AB8B-C2C4DE28A104}.AppStore|iPhoneSimulator.Build.0 = Release|Any CPU
		{1B75CA88-8829-42E6-AB8B-C2C4DE28A104}.AppStore|x64.ActiveCfg = Release|Any CPU
		{1B75CA88-8829-42E6-AB8B-C2C4DE28A104}.AppStore|x64.Build.0 = Release|Any CPU
		{1B75CA88-8829-42E6-AB8B-C2C4DE28A104}.AppStore|x86.ActiveCfg = Release|Any CPU
		{1B75CA88-8829-42E6-AB8B-C2C4DE28A104}.AppStore|x86.Build.0 = Release|Any CPU
		{1B75CA88-8829-42E6-AB8B-C2C4DE28A104}.Debug|Any CPU.ActiveCfg = Debug|Any CPU
		{1B75CA88-8829-42E6-AB8B-C2C4DE28A104}.Debug|Any CPU.Build.0 = Debug|Any CPU
		{1B75CA88-8829-42E6-AB8B-C2C4DE28A104}.Debug|ARM.ActiveCfg = Debug|Any CPU
		{1B75CA88-8829-42E6-AB8B-C2C4DE28A104}.Debug|ARM.Build.0 = Debug|Any CPU
		{1B75CA88-8829-42E6-AB8B-C2C4DE28A104}.Debug|iPhone.ActiveCfg = Debug|Any CPU
		{1B75CA88-8829-42E6-AB8B-C2C4DE28A104}.Debug|iPhone.Build.0 = Debug|Any CPU
		{1B75CA88-8829-42E6-AB8B-C2C4DE28A104}.Debug|iPhoneSimulator.ActiveCfg = Debug|Any CPU
		{1B75CA88-8829-42E6-AB8B-C2C4DE28A104}.Debug|iPhoneSimulator.Build.0 = Debug|Any CPU
		{1B75CA88-8829-42E6-AB8B-C2C4DE28A104}.Debug|x64.ActiveCfg = Debug|Any CPU
		{1B75CA88-8829-42E6-AB8B-C2C4DE28A104}.Debug|x64.Build.0 = Debug|Any CPU
		{1B75CA88-8829-42E6-AB8B-C2C4DE28A104}.Debug|x86.ActiveCfg = Debug|Any CPU
		{1B75CA88-8829-42E6-AB8B-C2C4DE28A104}.Debug|x86.Build.0 = Debug|Any CPU
		{1B75CA88-8829-42E6-AB8B-C2C4DE28A104}.Release|Any CPU.ActiveCfg = Release|Any CPU
		{1B75CA88-8829-42E6-AB8B-C2C4DE28A104}.Release|Any CPU.Build.0 = Release|Any CPU
		{1B75CA88-8829-42E6-AB8B-C2C4DE28A104}.Release|ARM.ActiveCfg = Release|Any CPU
		{1B75CA88-8829-42E6-AB8B-C2C4DE28A104}.Release|ARM.Build.0 = Release|Any CPU
		{1B75CA88-8829-42E6-AB8B-C2C4DE28A104}.Release|iPhone.ActiveCfg = Release|Any CPU
		{1B75CA88-8829-42E6-AB8B-C2C4DE28A104}.Release|iPhone.Build.0 = Release|Any CPU
		{1B75CA88-8829-42E6-AB8B-C2C4DE28A104}.Release|iPhoneSimulator.ActiveCfg = Release|Any CPU
		{1B75CA88-8829-42E6-AB8B-C2C4DE28A104}.Release|iPhoneSimulator.Build.0 = Release|Any CPU
		{1B75CA88-8829-42E6-AB8B-C2C4DE28A104}.Release|x64.ActiveCfg = Release|Any CPU
		{1B75CA88-8829-42E6-AB8B-C2C4DE28A104}.Release|x64.Build.0 = Release|Any CPU
		{1B75CA88-8829-42E6-AB8B-C2C4DE28A104}.Release|x86.ActiveCfg = Release|Any CPU
		{1B75CA88-8829-42E6-AB8B-C2C4DE28A104}.Release|x86.Build.0 = Release|Any CPU
	EndGlobalSection
	GlobalSection(SolutionProperties) = preSolution
		HideSolutionNode = FALSE
	EndGlobalSection
EndGlobal
